{
  "name": "zospeak-composite-v1-beta6",
  "version": "1.0.0-beta.6.50.6",
  "lockfileVersion": 3,
  "requires": true,
  "packages": {
    "": {
      "name": "zospeak-composite-v1-beta6",
      "version": "1.0.0-beta.6.50.6",
      "devDependencies": {
        "js-sha256": "0.11.1"
      }
    },
    "node_modules/js-sha256": {
      "version": "0.11.1",
      "resolved": "https://registry.npmmirror.com/js-sha256/-/js-sha256-0.11.1.tgz",
      "integrity": "sha512-o6WSo/LUvY2uC4j7mO50a2ms7E/EAdbP0swigLV+nzHKTTaYnaLIWJ02VdXrsJX0vGedDESQnLsOekr94ryfjg==",
      "dev": true,
      "license": "MIT"
    }
  }
}
